
Microsoft Visual Studio Solution File, Format Version 12.00
# Visual Studio Version 17
VisualStudioVersion = 17.0.31912.275
MinimumVisualStudioVersion = 10.0.40219.1
Project("{FAE04EC0-301F-11D3-BF4B-00C04F79EFBC}") = "Metoder og filer", "Metoder og filer\Metoder og filer.csproj", "{163C50BC-FEC7-4414-96DA-75B2A52E8E68}"
EndProject
Global
	GlobalSection(SolutionConfigurationPlatforms) = preSolution
		Debug|Any CPU = Debug|Any CPU
		Release|Any CPU = Release|Any CPU
	EndGlobalSection
	GlobalSection(ProjectConfigurationPlatforms) = postSolution
		{163C50BC-FEC7-4414-96DA-75B2A52E8E68}.Debug|Any CPU.ActiveCfg = Debug|Any CPU
		{163C50BC-FEC7-4414-96DA-75B2A52E8E68}.Debug|Any CPU.Build.0 = Debug|Any CPU
		{163C50BC-FEC7-4414-96DA-75B2A52E8E68}.Release|Any CPU.ActiveCfg = Release|Any CPU
		{163C50BC-FEC7-4414-96DA-75B2A52E8E68}.Release|Any CPU.Build.0 = Release|Any CPU
	EndGlobalSection
	GlobalSection(SolutionProperties) = preSolution
		HideSolutionNode = FALSE
	EndGlobalSection
	GlobalSection(ExtensibilityGlobals) = postSolution
		SolutionGuid = {A01B6390-97EC-4764-81BC-09732B56232E}
	EndGlobalSection
EndGlobal
